
Microsoft Visual Studio Solution File, Format Version 12.00
# Visual Studio Version 17
VisualStudioVersion = 17.7.34003.232
MinimumVisualStudioVersion = 10.0.40219.1
Project("{FAE04EC0-301F-11D3-BF4B-00C04F79EFBC}") = "Products", "Products\Products.csproj", "{7F8C64C3-C017-4F6A-B7C1-DA9B4CF28209}"
EndProject
Global
	GlobalSection(SolutionConfigurationPlatforms) = preSolution
		Debug|Any CPU = Debug|Any CPU
		Release|Any CPU = Release|Any CPU
	EndGlobalSection
	GlobalSection(ProjectConfigurationPlatforms) = postSolution
		{7F8C64C3-C017-4F6A-B7C1-DA9B4CF28209}.Debug|Any CPU.ActiveCfg = Debug|Any CPU
		{7F8C64C3-C017-4F6A-B7C1-DA9B4CF28209}.Debug|Any CPU.Build.0 = Debug|Any CPU
		{7F8C64C3-C017-4F6A-B7C1-DA9B4CF28209}.Release|Any CPU.ActiveCfg = Release|Any CPU
		{7F8C64C3-C017-4F6A-B7C1-DA9B4CF28209}.Release|Any CPU.Build.0 = Release|Any CPU
	EndGlobalSection
	GlobalSection(SolutionProperties) = preSolution
		HideSolutionNode = FALSE
	EndGlobalSection
	GlobalSection(ExtensibilityGlobals) = postSolution
		SolutionGuid = {FCED1055-ABD6-4730-A3A4-797BA888671D}
	EndGlobalSection
EndGlobal
